
Microsoft Visual Studio Solution File, Format Version 12.00
# Visual Studio Version 17
VisualStudioVersion = 17.0.31903.59
MinimumVisualStudioVersion = 10.0.40219.1
Project("{9A19103F-16F7-4668-BE54-9A1E7A4F7556}") = "copper", "copper.csproj", "{F96177A7-C94D-48A7-BF09-585D80C161F5}"
EndProject
Global
	GlobalSection(SolutionConfigurationPlatforms) = preSolution
		Debug|Any CPU = Debug|Any CPU
		Release|Any CPU = Release|Any CPU
	EndGlobalSection
	GlobalSection(ProjectConfigurationPlatforms) = postSolution
		{F96177A7-C94D-48A7-BF09-585D80C161F5}.Debug|Any CPU.ActiveCfg = Debug|Any CPU
		{F96177A7-C94D-48A7-BF09-585D80C161F5}.Debug|Any CPU.Build.0 = Debug|Any CPU
		{F96177A7-C94D-48A7-BF09-585D80C161F5}.Release|Any CPU.ActiveCfg = Release|Any CPU
		{F96177A7-C94D-48A7-BF09-585D80C161F5}.Release|Any CPU.Build.0 = Release|Any CPU
	EndGlobalSection
	GlobalSection(SolutionProperties) = preSolution
		HideSolutionNode = FALSE
	EndGlobalSection
	GlobalSection(ExtensibilityGlobals) = postSolution
		SolutionGuid = {E4C6257C-8D79-4B6F-B071-2812561CADE8}
	EndGlobalSection
EndGlobal
